
Microsoft Visual Studio Solution File, Format Version 12.00
# Visual Studio Version 17
VisualStudioVersion = 17.0.31903.59
MinimumVisualStudioVersion = 10.0.40219.1
Project("{FAE04EC0-301F-11D3-BF4B-00C04F79EFBC}") = "DataAccess", "DataAccess\DataAccess.csproj", "{2827C995-4E90-48B4-9090-CF188E382015}"
EndProject
Project("{FAE04EC0-301F-11D3-BF4B-00C04F79EFBC}") = "main", "main\main.csproj", "{AC24ED07-8302-4E97-A364-35803E9B712E}"
EndProject
Project("{FAE04EC0-301F-11D3-BF4B-00C04F79EFBC}") = "WebApi", "WebApi\WebApi.csproj", "{20359D0B-C16F-4BFD-9C28-780BDC4B54EA}"
EndProject
Global
	GlobalSection(SolutionConfigurationPlatforms) = preSolution
		Debug|Any CPU = Debug|Any CPU
		Release|Any CPU = Release|Any CPU
	EndGlobalSection
	GlobalSection(SolutionProperties) = preSolution
		HideSolutionNode = FALSE
	EndGlobalSection
	GlobalSection(ProjectConfigurationPlatforms) = postSolution
		{2827C995-4E90-48B4-9090-CF188E382015}.Debug|Any CPU.ActiveCfg = Debug|Any CPU
		{2827C995-4E90-48B4-9090-CF188E382015}.Debug|Any CPU.Build.0 = Debug|Any CPU
		{2827C995-4E90-48B4-9090-CF188E382015}.Release|Any CPU.ActiveCfg = Release|Any CPU
		{2827C995-4E90-48B4-9090-CF188E382015}.Release|Any CPU.Build.0 = Release|Any CPU
		{AC24ED07-8302-4E97-A364-35803E9B712E}.Debug|Any CPU.ActiveCfg = Debug|Any CPU
		{AC24ED07-8302-4E97-A364-35803E9B712E}.Debug|Any CPU.Build.0 = Debug|Any CPU
		{AC24ED07-8302-4E97-A364-35803E9B712E}.Release|Any CPU.ActiveCfg = Release|Any CPU
		{AC24ED07-8302-4E97-A364-35803E9B712E}.Release|Any CPU.Build.0 = Release|Any CPU
		{20359D0B-C16F-4BFD-9C28-780BDC4B54EA}.Debug|Any CPU.ActiveCfg = Debug|Any CPU
		{20359D0B-C16F-4BFD-9C28-780BDC4B54EA}.Debug|Any CPU.Build.0 = Debug|Any CPU
		{20359D0B-C16F-4BFD-9C28-780BDC4B54EA}.Release|Any CPU.ActiveCfg = Release|Any CPU
		{20359D0B-C16F-4BFD-9C28-780BDC4B54EA}.Release|Any CPU.Build.0 = Release|Any CPU
	EndGlobalSection
EndGlobal
